<?xml version="1.0" encoding="utf-8"?>
<Project ToolsVersion="4.0" xmlns="http://schemas.microsoft.com/developer/msbuild/2003">
  <ItemGroup>
    <ClInclude Include="..\..\src\plang\plang.h" />
    <ClInclude Include="..\..\src\plang\def.h" />
    <ClInclude Include="..\..\src\plang\token.h" />
    <ClInclude Include="..\..\src\plang\TokenStream.h" />
    <ClInclude Include="..\..\src\plang\Expression.h" />
  </ItemGroup>
  <ItemGroup>
    <ClCompile Include="..\..\src\plang\token.cpp" />
    <ClCompile Include="..\..\src\plang\TokenStream.cpp" />
    <ClCompile Include="..\..\src\plang\Expression.cpp" />
  </ItemGroup>
</Project>